
Microsoft Visual Studio Solution File, Format Version 12.00
# Visual Studio 15
Project("{FAE04EC0-301F-11D3-BF4B-00C04F79EFBC}") = "UnityEngine.TestRunner", "UnityEngine.TestRunner.csproj", "{479F648A-FCCD-798E-6A96-AB7CFA4F614B}"
EndProject
Project("{FAE04EC0-301F-11D3-BF4B-00C04F79EFBC}") = "UnityEngine.UI", "UnityEngine.UI.csproj", "{AE54E6C0-8B6D-082E-EE2D-2362452B552D}"
EndProject
Project("{FAE04EC0-301F-11D3-BF4B-00C04F79EFBC}") = "Unity.VisualScripting.Flow", "Unity.VisualScripting.Flow.csproj", "{BA53FC31-64FD-9847-27D3-8394B5E9D939}"
EndProject
Project("{FAE04EC0-301F-11D3-BF4B-00C04F79EFBC}") = "Unity.VisualScripting.State", "Unity.VisualScripting.State.csproj", "{8B0E8BFF-1392-8CDB-9877-250B969BB861}"
EndProject
Project("{FAE04EC0-301F-11D3-BF4B-00C04F79EFBC}") = "Unity.VisualScripting.Core", "Unity.VisualScripting.Core.csproj", "{CBBFBE37-0F03-A6E5-6318-3BAA32861D85}"
EndProject
Project("{FAE04EC0-301F-11D3-BF4B-00C04F79EFBC}") = "Unity.Postprocessing.Runtime", "Unity.Postprocessing.Runtime.csproj", "{D49BED0F-EEB0-F168-9BB9-5A42870E5CF1}"
EndProject
Project("{FAE04EC0-301F-11D3-BF4B-00C04F79EFBC}") = "Unity.TextMeshPro", "Unity.TextMeshPro.csproj", "{F5E4481D-4E95-B694-0D77-5284E85C9728}"
EndProject
Project("{FAE04EC0-301F-11D3-BF4B-00C04F79EFBC}") = "Unity.Timeline", "Unity.Timeline.csproj", "{17BF133E-9AF9-129D-B086-36C870CB0BDA}"
EndProject
Project("{FAE04EC0-301F-11D3-BF4B-00C04F79EFBC}") = "Assembly-CSharp", "Assembly-CSharp.csproj", "{678BBE5D-5190-ECFB-5F46-6BACD39A4146}"
EndProject
Project("{FAE04EC0-301F-11D3-BF4B-00C04F79EFBC}") = "Unity.PlasticSCM.Editor", "Unity.PlasticSCM.Editor.csproj", "{8770AA94-29DF-2E9E-9B17-F377C377FF43}"
EndProject
Project("{FAE04EC0-301F-11D3-BF4B-00C04F79EFBC}") = "Unity.VisualScripting.Core.Editor", "Unity.VisualScripting.Core.Editor.csproj", "{82A41971-7B08-B131-7B42-E3643953C1A2}"
EndProject
Project("{FAE04EC0-301F-11D3-BF4B-00C04F79EFBC}") = "Unity.VisualScripting.Flow.Editor", "Unity.VisualScripting.Flow.Editor.csproj", "{4B7D9F8D-59AA-25D0-AD12-AED0B7D43146}"
EndProject
Project("{FAE04EC0-301F-11D3-BF4B-00C04F79EFBC}") = "Unity.VisualStudio.Editor", "Unity.VisualStudio.Editor.csproj", "{0F082FCA-C134-4A9B-5194-B2C391845EBD}"
EndProject
Project("{FAE04EC0-301F-11D3-BF4B-00C04F79EFBC}") = "Unity.Timeline.Editor", "Unity.Timeline.Editor.csproj", "{8C449691-9C4D-8693-7ADC-D12469701A1F}"
EndProject
Project("{FAE04EC0-301F-11D3-BF4B-00C04F79EFBC}") = "Unity.VisualScripting.State.Editor", "Unity.VisualScripting.State.Editor.csproj", "{7A19D28D-D0CE-6C45-23F0-3E52FDAADA01}"
EndProject
Project("{FAE04EC0-301F-11D3-BF4B-00C04F79EFBC}") = "Unity.TextMeshPro.Editor", "Unity.TextMeshPro.Editor.csproj", "{F5901E78-77AD-428D-5909-229A04343A87}"
EndProject
Project("{FAE04EC0-301F-11D3-BF4B-00C04F79EFBC}") = "Unity.VisualScripting.SettingsProvider.Editor", "Unity.VisualScripting.SettingsProvider.Editor.csproj", "{52116B28-37A7-4026-BF5E-9479AE31337F}"
EndProject
Project("{FAE04EC0-301F-11D3-BF4B-00C04F79EFBC}") = "Unity.Postprocessing.Editor", "Unity.Postprocessing.Editor.csproj", "{33595FCA-7D7E-A2B6-7D76-DB563875C26D}"
EndProject
Project("{FAE04EC0-301F-11D3-BF4B-00C04F79EFBC}") = "UnityEditor.TestRunner", "UnityEditor.TestRunner.csproj", "{5174B52A-C0E4-CA4A-44D9-443F1A1B8D6C}"
EndProject
Project("{FAE04EC0-301F-11D3-BF4B-00C04F79EFBC}") = "Unity.TestTools.CodeCoverage.Editor", "Unity.TestTools.CodeCoverage.Editor.csproj", "{F264BA10-6575-42D5-13E3-45B9A27AEB13}"
EndProject
Project("{FAE04EC0-301F-11D3-BF4B-00C04F79EFBC}") = "Unity.Rider.Editor", "Unity.Rider.Editor.csproj", "{C83C96AB-A861-3359-09FA-D94D9F4F1A27}"
EndProject
Project("{FAE04EC0-301F-11D3-BF4B-00C04F79EFBC}") = "Unity.Performance.Profile-Analyzer.Editor", "Unity.Performance.Profile-Analyzer.Editor.csproj", "{8BC3B121-B012-F5AF-6B07-D8CAA36B970A}"
EndProject
Project("{FAE04EC0-301F-11D3-BF4B-00C04F79EFBC}") = "Unity.VSCode.Editor", "Unity.VSCode.Editor.csproj", "{3018D829-0727-D1E5-EAF3-1FE8B2ADC89F}"
EndProject
Project("{FAE04EC0-301F-11D3-BF4B-00C04F79EFBC}") = "Unity.2D.Sprite.Editor", "Unity.2D.Sprite.Editor.csproj", "{B3533F69-F2E1-76CC-6383-F6826B198C7A}"
EndProject
Project("{FAE04EC0-301F-11D3-BF4B-00C04F79EFBC}") = "UnityEditor.UI", "UnityEditor.UI.csproj", "{07B0A774-0DA2-E179-BB81-498F9D731025}"
EndProject
Project("{FAE04EC0-301F-11D3-BF4B-00C04F79EFBC}") = "Unity.TestTools.CodeCoverage.Editor.OpenCover.Model", "Unity.TestTools.CodeCoverage.Editor.OpenCover.Model.csproj", "{AB28132B-86AB-0042-020A-A9A16E33814D}"
EndProject
Project("{FAE04EC0-301F-11D3-BF4B-00C04F79EFBC}") = "Unity.EditorCoroutines.Editor", "Unity.EditorCoroutines.Editor.csproj", "{8E68CB6D-74D0-2B02-9C3E-3DC209D326F6}"
EndProject
Project("{FAE04EC0-301F-11D3-BF4B-00C04F79EFBC}") = "Unity.Settings.Editor", "Unity.Settings.Editor.csproj", "{6DAD0724-59AB-9DED-F5A0-6672BF1B9F20}"
EndProject
Project("{FAE04EC0-301F-11D3-BF4B-00C04F79EFBC}") = "Unity.CollabProxy.Editor", "Unity.CollabProxy.Editor.csproj", "{CF642613-22E1-089C-9328-A8F56A74F045}"
EndProject
Project("{FAE04EC0-301F-11D3-BF4B-00C04F79EFBC}") = "Unity.TestTools.CodeCoverage.Editor.OpenCover.Mono.Reflection", "Unity.TestTools.CodeCoverage.Editor.OpenCover.Mono.Reflection.csproj", "{05A6FFBF-A775-CA2D-6DDA-799EB18C9ED0}"
EndProject
Project("{FAE04EC0-301F-11D3-BF4B-00C04F79EFBC}") = "Unity.VisualScripting.Shared.Editor", "Unity.VisualScripting.Shared.Editor.csproj", "{2D065354-8EDE-E369-E1B1-A4F3E9CE6EB5}"
EndProject
Global
	GlobalSection(SolutionConfigurationPlatforms) = preSolution
		Debug|Any CPU = Debug|Any CPU
		Release|Any CPU = Release|Any CPU
	EndGlobalSection
	GlobalSection(ProjectConfigurationPlatforms) = postSolution
		{479F648A-FCCD-798E-6A96-AB7CFA4F614B}.Debug|Any CPU.ActiveCfg = Debug|Any CPU
		{479F648A-FCCD-798E-6A96-AB7CFA4F614B}.Debug|Any CPU.Build.0 = Debug|Any CPU
		{479F648A-FCCD-798E-6A96-AB7CFA4F614B}.Release|Any CPU.ActiveCfg = Release|Any CPU
		{479F648A-FCCD-798E-6A96-AB7CFA4F614B}.Release|Any CPU.Build.0 = Release|Any CPU
		{AE54E6C0-8B6D-082E-EE2D-2362452B552D}.Debug|Any CPU.ActiveCfg = Debug|Any CPU
		{AE54E6C0-8B6D-082E-EE2D-2362452B552D}.Debug|Any CPU.Build.0 = Debug|Any CPU
		{AE54E6C0-8B6D-082E-EE2D-2362452B552D}.Release|Any CPU.ActiveCfg = Release|Any CPU
		{AE54E6C0-8B6D-082E-EE2D-2362452B552D}.Release|Any CPU.Build.0 = Release|Any CPU
		{BA53FC31-64FD-9847-27D3-8394B5E9D939}.Debug|Any CPU.ActiveCfg = Debug|Any CPU
		{BA53FC31-64FD-9847-27D3-8394B5E9D939}.Debug|Any CPU.Build.0 = Debug|Any CPU
		{BA53FC31-64FD-9847-27D3-8394B5E9D939}.Release|Any CPU.ActiveCfg = Release|Any CPU
		{BA53FC31-64FD-9847-27D3-8394B5E9D939}.Release|Any CPU.Build.0 = Release|Any CPU
		{8B0E8BFF-1392-8CDB-9877-250B969BB861}.Debug|Any CPU.ActiveCfg = Debug|Any CPU
		{8B0E8BFF-1392-8CDB-9877-250B969BB861}.Debug|Any CPU.Build.0 = Debug|Any CPU
		{8B0E8BFF-1392-8CDB-9877-250B969BB861}.Release|Any CPU.ActiveCfg = Release|Any CPU
		{8B0E8BFF-1392-8CDB-9877-250B969BB861}.Release|Any CPU.Build.0 = Release|Any CPU
		{CBBFBE37-0F03-A6E5-6318-3BAA32861D85}.Debug|Any CPU.ActiveCfg = Debug|Any CPU
		{CBBFBE37-0F03-A6E5-6318-3BAA32861D85}.Debug|Any CPU.Build.0 = Debug|Any CPU
		{CBBFBE37-0F03-A6E5-6318-3BAA32861D85}.Release|Any CPU.ActiveCfg = Release|Any CPU
		{CBBFBE37-0F03-A6E5-6318-3BAA32861D85}.Release|Any CPU.Build.0 = Release|Any CPU
		{D49BED0F-EEB0-F168-9BB9-5A42870E5CF1}.Debug|Any CPU.ActiveCfg = Debug|Any CPU
		{D49BED0F-EEB0-F168-9BB9-5A42870E5CF1}.Debug|Any CPU.Build.0 = Debug|Any CPU
		{D49BED0F-EEB0-F168-9BB9-5A42870E5CF1}.Release|Any CPU.ActiveCfg = Release|Any CPU
		{D49BED0F-EEB0-F168-9BB9-5A42870E5CF1}.Release|Any CPU.Build.0 = Release|Any CPU
		{F5E4481D-4E95-B694-0D77-5284E85C9728}.Debug|Any CPU.ActiveCfg = Debug|Any CPU
		{F5E4481D-4E95-B694-0D77-5284E85C9728}.Debug|Any CPU.Build.0 = Debug|Any CPU
		{F5E4481D-4E95-B694-0D77-5284E85C9728}.Release|Any CPU.ActiveCfg = Release|Any CPU
		{F5E4481D-4E95-B694-0D77-5284E85C9728}.Release|Any CPU.Build.0 = Release|Any CPU
		{17BF133E-9AF9-129D-B086-36C870CB0BDA}.Debug|Any CPU.ActiveCfg = Debug|Any CPU
		{17BF133E-9AF9-129D-B086-36C870CB0BDA}.Debug|Any CPU.Build.0 = Debug|Any CPU
		{17BF133E-9AF9-129D-B086-36C870CB0BDA}.Release|Any CPU.ActiveCfg = Release|Any CPU
		{17BF133E-9AF9-129D-B086-36C870CB0BDA}.Release|Any CPU.Build.0 = Release|Any CPU
		{678BBE5D-5190-ECFB-5F46-6BACD39A4146}.Debug|Any CPU.ActiveCfg = Debug|Any CPU
		{678BBE5D-5190-ECFB-5F46-6BACD39A4146}.Debug|Any CPU.Build.0 = Debug|Any CPU
		{678BBE5D-5190-ECFB-5F46-6BACD39A4146}.Release|Any CPU.ActiveCfg = Release|Any CPU
		{678BBE5D-5190-ECFB-5F46-6BACD39A4146}.Release|Any CPU.Build.0 = Release|Any CPU
		{8770AA94-29DF-2E9E-9B17-F377C377FF43}.Debug|Any CPU.ActiveCfg = Debug|Any CPU
		{8770AA94-29DF-2E9E-9B17-F377C377FF43}.Debug|Any CPU.Build.0 = Debug|Any CPU
		{8770AA94-29DF-2E9E-9B17-F377C377FF43}.Release|Any CPU.ActiveCfg = Release|Any CPU
		{8770AA94-29DF-2E9E-9B17-F377C377FF43}.Release|Any CPU.Build.0 = Release|Any CPU
		{82A41971-7B08-B131-7B42-E3643953C1A2}.Debug|Any CPU.ActiveCfg = Debug|Any CPU
		{82A41971-7B08-B131-7B42-E3643953C1A2}.Debug|Any CPU.Build.0 = Debug|Any CPU
		{82A41971-7B08-B131-7B42-E3643953C1A2}.Release|Any CPU.ActiveCfg = Release|Any CPU
		{82A41971-7B08-B131-7B42-E3643953C1A2}.Release|Any CPU.Build.0 = Release|Any CPU
		{4B7D9F8D-59AA-25D0-AD12-AED0B7D43146}.Debug|Any CPU.ActiveCfg = Debug|Any CPU
		{4B7D9F8D-59AA-25D0-AD12-AED0B7D43146}.Debug|Any CPU.Build.0 = Debug|Any CPU
		{4B7D9F8D-59AA-25D0-AD12-AED0B7D43146}.Release|Any CPU.ActiveCfg = Release|Any CPU
		{4B7D9F8D-59AA-25D0-AD12-AED0B7D43146}.Release|Any CPU.Build.0 = Release|Any CPU
		{0F082FCA-C134-4A9B-5194-B2C391845EBD}.Debug|Any CPU.ActiveCfg = Debug|Any CPU
		{0F082FCA-C134-4A9B-5194-B2C391845EBD}.Debug|Any CPU.Build.0 = Debug|Any CPU
		{0F082FCA-C134-4A9B-5194-B2C391845EBD}.Release|Any CPU.ActiveCfg = Release|Any CPU
		{0F082FCA-C134-4A9B-5194-B2C391845EBD}.Release|Any CPU.Build.0 = Release|Any CPU
		{8C449691-9C4D-8693-7ADC-D12469701A1F}.Debug|Any CPU.ActiveCfg = Debug|Any CPU
		{8C449691-9C4D-8693-7ADC-D12469701A1F}.Debug|Any CPU.Build.0 = Debug|Any CPU
		{8C449691-9C4D-8693-7ADC-D12469701A1F}.Release|Any CPU.ActiveCfg = Release|Any CPU
		{8C449691-9C4D-8693-7ADC-D12469701A1F}.Release|Any CPU.Build.0 = Release|Any CPU
		{7A19D28D-D0CE-6C45-23F0-3E52FDAADA01}.Debug|Any CPU.ActiveCfg = Debug|Any CPU
		{7A19D28D-D0CE-6C45-23F0-3E52FDAADA01}.Debug|Any CPU.Build.0 = Debug|Any CPU
		{7A19D28D-D0CE-6C45-23F0-3E52FDAADA01}.Release|Any CPU.ActiveCfg = Release|Any CPU
		{7A19D28D-D0CE-6C45-23F0-3E52FDAADA01}.Release|Any CPU.Build.0 = Release|Any CPU
		{F5901E78-77AD-428D-5909-229A04343A87}.Debug|Any CPU.ActiveCfg = Debug|Any CPU
		{F5901E78-77AD-428D-5909-229A04343A87}.Debug|Any CPU.Build.0 = Debug|Any CPU
		{F5901E78-77AD-428D-5909-229A04343A87}.Release|Any CPU.ActiveCfg = Release|Any CPU
		{F5901E78-77AD-428D-5909-229A04343A87}.Release|Any CPU.Build.0 = Release|Any CPU
		{52116B28-37A7-4026-BF5E-9479AE31337F}.Debug|Any CPU.ActiveCfg = Debug|Any CPU
		{52116B28-37A7-4026-BF5E-9479AE31337F}.Debug|Any CPU.Build.0 = Debug|Any CPU
		{52116B28-37A7-4026-BF5E-9479AE31337F}.Release|Any CPU.ActiveCfg = Release|Any CPU
		{52116B28-37A7-4026-BF5E-9479AE31337F}.Release|Any CPU.Build.0 = Release|Any CPU
		{33595FCA-7D7E-A2B6-7D76-DB563875C26D}.Debug|Any CPU.ActiveCfg = Debug|Any CPU
		{33595FCA-7D7E-A2B6-7D76-DB563875C26D}.Debug|Any CPU.Build.0 = Debug|Any CPU
		{33595FCA-7D7E-A2B6-7D76-DB563875C26D}.Release|Any CPU.ActiveCfg = Release|Any CPU
		{33595FCA-7D7E-A2B6-7D76-DB563875C26D}.Release|Any CPU.Build.0 = Release|Any CPU
		{5174B52A-C0E4-CA4A-44D9-443F1A1B8D6C}.Debug|Any CPU.ActiveCfg = Debug|Any CPU
		{5174B52A-C0E4-CA4A-44D9-443F1A1B8D6C}.Debug|Any CPU.Build.0 = Debug|Any CPU
		{5174B52A-C0E4-CA4A-44D9-443F1A1B8D6C}.Release|Any CPU.ActiveCfg = Release|Any CPU
		{5174B52A-C0E4-CA4A-44D9-443F1A1B8D6C}.Release|Any CPU.Build.0 = Release|Any CPU
		{F264BA10-6575-42D5-13E3-45B9A27AEB13}.Debug|Any CPU.ActiveCfg = Debug|Any CPU
		{F264BA10-6575-42D5-13E3-45B9A27AEB13}.Debug|Any CPU.Build.0 = Debug|Any CPU
		{F264BA10-6575-42D5-13E3-45B9A27AEB13}.Release|Any CPU.ActiveCfg = Release|Any CPU
		{F264BA10-6575-42D5-13E3-45B9A27AEB13}.Release|Any CPU.Build.0 = Release|Any CPU
		{C83C96AB-A861-3359-09FA-D94D9F4F1A27}.Debug|Any CPU.ActiveCfg = Debug|Any CPU
		{C83C96AB-A861-3359-09FA-D94D9F4F1A27}.Debug|Any CPU.Build.0 = Debug|Any CPU
		{C83C96AB-A861-3359-09FA-D94D9F4F1A27}.Release|Any CPU.ActiveCfg = Release|Any CPU
		{C83C96AB-A861-3359-09FA-D94D9F4F1A27}.Release|Any CPU.Build.0 = Release|Any CPU
		{8BC3B121-B012-F5AF-6B07-D8CAA36B970A}.Debug|Any CPU.ActiveCfg = Debug|Any CPU
		{8BC3B121-B012-F5AF-6B07-D8CAA36B970A}.Debug|Any CPU.Build.0 = Debug|Any CPU
		{8BC3B121-B012-F5AF-6B07-D8CAA36B970A}.Release|Any CPU.ActiveCfg = Release|Any CPU
		{8BC3B121-B012-F5AF-6B07-D8CAA36B970A}.Release|Any CPU.Build.0 = Release|Any CPU
		{3018D829-0727-D1E5-EAF3-1FE8B2ADC89F}.Debug|Any CPU.ActiveCfg = Debug|Any CPU
		{3018D829-0727-D1E5-EAF3-1FE8B2ADC89F}.Debug|Any CPU.Build.0 = Debug|Any CPU
		{3018D829-0727-D1E5-EAF3-1FE8B2ADC89F}.Release|Any CPU.ActiveCfg = Release|Any CPU
		{3018D829-0727-D1E5-EAF3-1FE8B2ADC89F}.Release|Any CPU.Build.0 = Release|Any CPU
		{B3533F69-F2E1-76CC-6383-F6826B198C7A}.Debug|Any CPU.ActiveCfg = Debug|Any CPU
		{B3533F69-F2E1-76CC-6383-F6826B198C7A}.Debug|Any CPU.Build.0 = Debug|Any CPU
		{B3533F69-F2E1-76CC-6383-F6826B198C7A}.Release|Any CPU.ActiveCfg = Release|Any CPU
		{B3533F69-F2E1-76CC-6383-F6826B198C7A}.Release|Any CPU.Build.0 = Release|Any CPU
		{07B0A774-0DA2-E179-BB81-498F9D731025}.Debug|Any CPU.ActiveCfg = Debug|Any CPU
		{07B0A774-0DA2-E179-BB81-498F9D731025}.Debug|Any CPU.Build.0 = Debug|Any CPU
		{07B0A774-0DA2-E179-BB81-498F9D731025}.Release|Any CPU.ActiveCfg = Release|Any CPU
		{07B0A774-0DA2-E179-BB81-498F9D731025}.Release|Any CPU.Build.0 = Release|Any CPU
		{AB28132B-86AB-0042-020A-A9A16E33814D}.Debug|Any CPU.ActiveCfg = Debug|Any CPU
		{AB28132B-86AB-0042-020A-A9A16E33814D}.Debug|Any CPU.Build.0 = Debug|Any CPU
		{AB28132B-86AB-0042-020A-A9A16E33814D}.Release|Any CPU.ActiveCfg = Release|Any CPU
		{AB28132B-86AB-0042-020A-A9A16E33814D}.Release|Any CPU.Build.0 = Release|Any CPU
		{8E68CB6D-74D0-2B02-9C3E-3DC209D326F6}.Debug|Any CPU.ActiveCfg = Debug|Any CPU
		{8E68CB6D-74D0-2B02-9C3E-3DC209D326F6}.Debug|Any CPU.Build.0 = Debug|Any CPU
		{8E68CB6D-74D0-2B02-9C3E-3DC209D326F6}.Release|Any CPU.ActiveCfg = Release|Any CPU
		{8E68CB6D-74D0-2B02-9C3E-3DC209D326F6}.Release|Any CPU.Build.0 = Release|Any CPU
		{6DAD0724-59AB-9DED-F5A0-6672BF1B9F20}.Debug|Any CPU.ActiveCfg = Debug|Any CPU
		{6DAD0724-59AB-9DED-F5A0-6672BF1B9F20}.Debug|Any CPU.Build.0 = Debug|Any CPU
		{6DAD0724-59AB-9DED-F5A0-6672BF1B9F20}.Release|Any CPU.ActiveCfg = Release|Any CPU
		{6DAD0724-59AB-9DED-F5A0-6672BF1B9F20}.Release|Any CPU.Build.0 = Release|Any CPU
		{CF642613-22E1-089C-9328-A8F56A74F045}.Debug|Any CPU.ActiveCfg = Debug|Any CPU
		{CF642613-22E1-089C-9328-A8F56A74F045}.Debug|Any CPU.Build.0 = Debug|Any CPU
		{CF642613-22E1-089C-9328-A8F56A74F045}.Release|Any CPU.ActiveCfg = Release|Any CPU
		{CF642613-22E1-089C-9328-A8F56A74F045}.Release|Any CPU.Build.0 = Release|Any CPU
		{05A6FFBF-A775-CA2D-6DDA-799EB18C9ED0}.Debug|Any CPU.ActiveCfg = Debug|Any CPU
		{05A6FFBF-A775-CA2D-6DDA-799EB18C9ED0}.Debug|Any CPU.Build.0 = Debug|Any CPU
		{05A6FFBF-A775-CA2D-6DDA-799EB18C9ED0}.Release|Any CPU.ActiveCfg = Release|Any CPU
		{05A6FFBF-A775-CA2D-6DDA-799EB18C9ED0}.Release|Any CPU.Build.0 = Release|Any CPU
		{2D065354-8EDE-E369-E1B1-A4F3E9CE6EB5}.Debug|Any CPU.ActiveCfg = Debug|Any CPU
		{2D065354-8EDE-E369-E1B1-A4F3E9CE6EB5}.Debug|Any CPU.Build.0 = Debug|Any CPU
		{2D065354-8EDE-E369-E1B1-A4F3E9CE6EB5}.Release|Any CPU.ActiveCfg = Release|Any CPU
		{2D065354-8EDE-E369-E1B1-A4F3E9CE6EB5}.Release|Any CPU.Build.0 = Release|Any CPU
	EndGlobalSection
	GlobalSection(SolutionProperties) = preSolution
		HideSolutionNode = FALSE
	EndGlobalSection
EndGlobal
